
Microsoft Visual Studio Solution File, Format Version 12.00
# Visual Studio Version 16
VisualStudioVersion = 16.0.810.20
MinimumVisualStudioVersion = 10.0.40219.1
Project("{FAE04EC0-301F-11D3-BF4B-00C04F79EFBC}") = "FinClever", "FinClever.csproj", "{50762EE3-0A79-4ABE-9F7A-DF68A7C91818}"
EndProject
Global
	GlobalSection(SolutionConfigurationPlatforms) = preSolution
		Debug|Any CPU = Debug|Any CPU
		Release|Any CPU = Release|Any CPU
	EndGlobalSection
	GlobalSection(ProjectConfigurationPlatforms) = postSolution
		{50762EE3-0A79-4ABE-9F7A-DF68A7C91818}.Debug|Any CPU.ActiveCfg = Debug|Any CPU
		{50762EE3-0A79-4ABE-9F7A-DF68A7C91818}.Debug|Any CPU.Build.0 = Debug|Any CPU
		{50762EE3-0A79-4ABE-9F7A-DF68A7C91818}.Release|Any CPU.ActiveCfg = Release|Any CPU
		{50762EE3-0A79-4ABE-9F7A-DF68A7C91818}.Release|Any CPU.Build.0 = Release|Any CPU
	EndGlobalSection
	GlobalSection(SolutionProperties) = preSolution
		HideSolutionNode = FALSE
	EndGlobalSection
	GlobalSection(ExtensibilityGlobals) = postSolution
		SolutionGuid = {DC5F2A60-52C1-4215-BCE5-4C6AF8E572E4}
	EndGlobalSection
EndGlobal
